
Microsoft Visual Studio Solution File, Format Version 12.00
# Visual Studio 15
VisualStudioVersion = 15.0.28307.168
MinimumVisualStudioVersion = 10.0.40219.1
Project("{FAE04EC0-301F-11D3-BF4B-00C04F79EFBC}") = "AdvSnake", "AdvSnake\AdvSnake.csproj", "{619E7A67-0402-4BCA-92DA-CEB40DE0BB8A}"
EndProject
Global
	GlobalSection(SolutionConfigurationPlatforms) = preSolution
		Debug|Any CPU = Debug|Any CPU
		Release|Any CPU = Release|Any CPU
	EndGlobalSection
	GlobalSection(ProjectConfigurationPlatforms) = postSolution
		{619E7A67-0402-4BCA-92DA-CEB40DE0BB8A}.Debug|Any CPU.ActiveCfg = Debug|Any CPU
		{619E7A67-0402-4BCA-92DA-CEB40DE0BB8A}.Debug|Any CPU.Build.0 = Debug|Any CPU
		{619E7A67-0402-4BCA-92DA-CEB40DE0BB8A}.Release|Any CPU.ActiveCfg = Release|Any CPU
		{619E7A67-0402-4BCA-92DA-CEB40DE0BB8A}.Release|Any CPU.Build.0 = Release|Any CPU
	EndGlobalSection
	GlobalSection(SolutionProperties) = preSolution
		HideSolutionNode = FALSE
	EndGlobalSection
	GlobalSection(ExtensibilityGlobals) = postSolution
		SolutionGuid = {C691C8A6-04BD-4BFC-9D67-B841395D023F}
	EndGlobalSection
EndGlobal
